<?xml version="1.0" encoding="UTF-8" standalone="yes" ?>
<CodeBlocks_project_file>
	<FileVersion major="1" minor="6" />
	<Project>
		<Option title="Kursovaia" />
		<Option pch_mode="2" />
		<Option compiler="gcc" />
		<Build>
			<Target title="Debug">
				<Option output="bin/Debug/Kursovaia" prefix_auto="1" extension_auto="1" />
				<Option object_output="obj/Debug/" />
				<Option type="1" />
				<Option compiler="gcc" />
				<Compiler>
					<Add option="-g" />
				</Compiler>
			</Target>
			<Target title="Release">
				<Option output="bin/Release/Kursovaia" prefix_auto="1" extension_auto="1" />
				<Option object_output="obj/Release/" />
				<Option type="1" />
				<Option compiler="gcc" />
				<Compiler>
					<Add option="-O2" />
				</Compiler>
				<Linker>
					<Add option="-s" />
				</Linker>
			</Target>
		</Build>
		<Compiler>
			<Add option="-Wall" />
		</Compiler>
		<Unit filename="HF/Program_output_input.h" />
		<Unit filename="HF/command_selecting.h" />
		<Unit filename="HF/free_List.h" />
		<Unit filename="HF/option_With_List.h" />
		<Unit filename="HF/search.h" />
		<Unit filename="HF/split.h" />
		<Unit filename="HF/struct.h" />
		<Unit filename="Program_output_input.c">
			<Option compilerVar="CC" />
		</Unit>
		<Unit filename="command_selecting.c">
			<Option compilerVar="CC" />
		</Unit>
		<Unit filename="free_List.c">
			<Option compilerVar="CC" />
		</Unit>
		<Unit filename="main.c">
			<Option compilerVar="CC" />
		</Unit>
		<Unit filename="option_With_List.c">
			<Option compilerVar="CC" />
		</Unit>
		<Unit filename="search.c">
			<Option compilerVar="CC" />
		</Unit>
		<Unit filename="split.c">
			<Option compilerVar="CC" />
		</Unit>
		<Extensions>
			<code_completion />
			<envvars />
			<debugger />
			<lib_finder disable_auto="1" />
		</Extensions>
	</Project>
</CodeBlocks_project_file>
